
Microsoft Visual Studio Solution File, Format Version 12.00
# Visual Studio Version 17
VisualStudioVersion = 17.14.36518.9
MinimumVisualStudioVersion = 10.0.40219.1
Project("{FAE04EC0-301F-11D3-BF4B-00C04F79EFBC}") = "PessimisticApi", "PessimisticApi\PessimisticApi.csproj", "{FF3DEC6C-E467-4DC4-87DF-2403C9614B9C}"
EndProject
Project("{FAE04EC0-301F-11D3-BF4B-00C04F79EFBC}") = "YarpGateWays", "YarpGateWays\YarpGateWays.csproj", "{9C3E1969-C19B-452C-A52C-DC79878E1627}"
EndProject
Project("{FAE04EC0-301F-11D3-BF4B-00C04F79EFBC}") = "OptimisticApi", "OptimisticApi\OptimisticApi.csproj", "{DFF634DC-B379-49A2-9C03-D5240BC373F4}"
EndProject
Project("{FAE04EC0-301F-11D3-BF4B-00C04F79EFBC}") = "WebSiteUpgrade", "WebSiteUpgrade\WebSiteUpgrade.csproj", "{C1574E0B-BECD-4278-97AF-06B14CC7BBD9}"
EndProject
Global
	GlobalSection(SolutionConfigurationPlatforms) = preSolution
		Debug|Any CPU = Debug|Any CPU
		Release|Any CPU = Release|Any CPU
	EndGlobalSection
	GlobalSection(ProjectConfigurationPlatforms) = postSolution
		{FF3DEC6C-E467-4DC4-87DF-2403C9614B9C}.Debug|Any CPU.ActiveCfg = Debug|Any CPU
		{FF3DEC6C-E467-4DC4-87DF-2403C9614B9C}.Debug|Any CPU.Build.0 = Debug|Any CPU
		{FF3DEC6C-E467-4DC4-87DF-2403C9614B9C}.Release|Any CPU.ActiveCfg = Release|Any CPU
		{FF3DEC6C-E467-4DC4-87DF-2403C9614B9C}.Release|Any CPU.Build.0 = Release|Any CPU
		{9C3E1969-C19B-452C-A52C-DC79878E1627}.Debug|Any CPU.ActiveCfg = Debug|Any CPU
		{9C3E1969-C19B-452C-A52C-DC79878E1627}.Debug|Any CPU.Build.0 = Debug|Any CPU
		{9C3E1969-C19B-452C-A52C-DC79878E1627}.Release|Any CPU.ActiveCfg = Release|Any CPU
		{9C3E1969-C19B-452C-A52C-DC79878E1627}.Release|Any CPU.Build.0 = Release|Any CPU
		{DFF634DC-B379-49A2-9C03-D5240BC373F4}.Debug|Any CPU.ActiveCfg = Debug|Any CPU
		{DFF634DC-B379-49A2-9C03-D5240BC373F4}.Debug|Any CPU.Build.0 = Debug|Any CPU
		{DFF634DC-B379-49A2-9C03-D5240BC373F4}.Release|Any CPU.ActiveCfg = Release|Any CPU
		{DFF634DC-B379-49A2-9C03-D5240BC373F4}.Release|Any CPU.Build.0 = Release|Any CPU
		{C1574E0B-BECD-4278-97AF-06B14CC7BBD9}.Debug|Any CPU.ActiveCfg = Debug|Any CPU
		{C1574E0B-BECD-4278-97AF-06B14CC7BBD9}.Debug|Any CPU.Build.0 = Debug|Any CPU
		{C1574E0B-BECD-4278-97AF-06B14CC7BBD9}.Release|Any CPU.ActiveCfg = Release|Any CPU
		{C1574E0B-BECD-4278-97AF-06B14CC7BBD9}.Release|Any CPU.Build.0 = Release|Any CPU
	EndGlobalSection
	GlobalSection(SolutionProperties) = preSolution
		HideSolutionNode = FALSE
	EndGlobalSection
	GlobalSection(ExtensibilityGlobals) = postSolution
		SolutionGuid = {69BD7656-AF1E-4541-BFE1-AC8BE4D13E72}
	EndGlobalSection
EndGlobal
